
Microsoft Visual Studio Solution File, Format Version 12.00
# Visual Studio 15
VisualStudioVersion = 15.0.26124.0
MinimumVisualStudioVersion = 15.0.26124.0
Project("{FAE04EC0-301F-11D3-BF4B-00C04F79EFBC}") = "Common", "Common\Common.csproj", "{1D7F1D28-EF3D-4F00-B8FF-D19FF0F541C2}"
EndProject
Project("{FAE04EC0-301F-11D3-BF4B-00C04F79EFBC}") = "EntityFrameWorkDal", "EntityFrameWorkDal\EntityFrameWorkDal.csproj", "{A6FFAF92-E020-47E3-B901-90EDF72526BC}"
EndProject
Project("{FAE04EC0-301F-11D3-BF4B-00C04F79EFBC}") = "Models", "Models\Models.csproj", "{56E912D6-21A6-4254-A266-7C0FA08BA001}"
EndProject
Project("{FAE04EC0-301F-11D3-BF4B-00C04F79EFBC}") = "FoodConsole", "FoodConsole\FoodConsole.csproj", "{589009E1-8064-43F3-95BD-6A9987AEB169}"
EndProject
Global
	GlobalSection(SolutionConfigurationPlatforms) = preSolution
		Debug|Any CPU = Debug|Any CPU
		Debug|x64 = Debug|x64
		Debug|x86 = Debug|x86
		Release|Any CPU = Release|Any CPU
		Release|x64 = Release|x64
		Release|x86 = Release|x86
	EndGlobalSection
	GlobalSection(SolutionProperties) = preSolution
		HideSolutionNode = FALSE
	EndGlobalSection
	GlobalSection(ProjectConfigurationPlatforms) = postSolution
		{1D7F1D28-EF3D-4F00-B8FF-D19FF0F541C2}.Debug|Any CPU.ActiveCfg = Debug|Any CPU
		{1D7F1D28-EF3D-4F00-B8FF-D19FF0F541C2}.Debug|Any CPU.Build.0 = Debug|Any CPU
		{1D7F1D28-EF3D-4F00-B8FF-D19FF0F541C2}.Debug|x64.ActiveCfg = Debug|x64
		{1D7F1D28-EF3D-4F00-B8FF-D19FF0F541C2}.Debug|x64.Build.0 = Debug|x64
		{1D7F1D28-EF3D-4F00-B8FF-D19FF0F541C2}.Debug|x86.ActiveCfg = Debug|x86
		{1D7F1D28-EF3D-4F00-B8FF-D19FF0F541C2}.Debug|x86.Build.0 = Debug|x86
		{1D7F1D28-EF3D-4F00-B8FF-D19FF0F541C2}.Release|Any CPU.ActiveCfg = Release|Any CPU
		{1D7F1D28-EF3D-4F00-B8FF-D19FF0F541C2}.Release|Any CPU.Build.0 = Release|Any CPU
		{1D7F1D28-EF3D-4F00-B8FF-D19FF0F541C2}.Release|x64.ActiveCfg = Release|x64
		{1D7F1D28-EF3D-4F00-B8FF-D19FF0F541C2}.Release|x64.Build.0 = Release|x64
		{1D7F1D28-EF3D-4F00-B8FF-D19FF0F541C2}.Release|x86.ActiveCfg = Release|x86
		{1D7F1D28-EF3D-4F00-B8FF-D19FF0F541C2}.Release|x86.Build.0 = Release|x86
		{A6FFAF92-E020-47E3-B901-90EDF72526BC}.Debug|Any CPU.ActiveCfg = Debug|Any CPU
		{A6FFAF92-E020-47E3-B901-90EDF72526BC}.Debug|Any CPU.Build.0 = Debug|Any CPU
		{A6FFAF92-E020-47E3-B901-90EDF72526BC}.Debug|x64.ActiveCfg = Debug|x64
		{A6FFAF92-E020-47E3-B901-90EDF72526BC}.Debug|x64.Build.0 = Debug|x64
		{A6FFAF92-E020-47E3-B901-90EDF72526BC}.Debug|x86.ActiveCfg = Debug|x86
		{A6FFAF92-E020-47E3-B901-90EDF72526BC}.Debug|x86.Build.0 = Debug|x86
		{A6FFAF92-E020-47E3-B901-90EDF72526BC}.Release|Any CPU.ActiveCfg = Release|Any CPU
		{A6FFAF92-E020-47E3-B901-90EDF72526BC}.Release|Any CPU.Build.0 = Release|Any CPU
		{A6FFAF92-E020-47E3-B901-90EDF72526BC}.Release|x64.ActiveCfg = Release|x64
		{A6FFAF92-E020-47E3-B901-90EDF72526BC}.Release|x64.Build.0 = Release|x64
		{A6FFAF92-E020-47E3-B901-90EDF72526BC}.Release|x86.ActiveCfg = Release|x86
		{A6FFAF92-E020-47E3-B901-90EDF72526BC}.Release|x86.Build.0 = Release|x86
		{56E912D6-21A6-4254-A266-7C0FA08BA001}.Debug|Any CPU.ActiveCfg = Debug|Any CPU
		{56E912D6-21A6-4254-A266-7C0FA08BA001}.Debug|Any CPU.Build.0 = Debug|Any CPU
		{56E912D6-21A6-4254-A266-7C0FA08BA001}.Debug|x64.ActiveCfg = Debug|x64
		{56E912D6-21A6-4254-A266-7C0FA08BA001}.Debug|x64.Build.0 = Debug|x64
		{56E912D6-21A6-4254-A266-7C0FA08BA001}.Debug|x86.ActiveCfg = Debug|x86
		{56E912D6-21A6-4254-A266-7C0FA08BA001}.Debug|x86.Build.0 = Debug|x86
		{56E912D6-21A6-4254-A266-7C0FA08BA001}.Release|Any CPU.ActiveCfg = Release|Any CPU
		{56E912D6-21A6-4254-A266-7C0FA08BA001}.Release|Any CPU.Build.0 = Release|Any CPU
		{56E912D6-21A6-4254-A266-7C0FA08BA001}.Release|x64.ActiveCfg = Release|x64
		{56E912D6-21A6-4254-A266-7C0FA08BA001}.Release|x64.Build.0 = Release|x64
		{56E912D6-21A6-4254-A266-7C0FA08BA001}.Release|x86.ActiveCfg = Release|x86
		{56E912D6-21A6-4254-A266-7C0FA08BA001}.Release|x86.Build.0 = Release|x86
		{589009E1-8064-43F3-95BD-6A9987AEB169}.Debug|Any CPU.ActiveCfg = Debug|Any CPU
		{589009E1-8064-43F3-95BD-6A9987AEB169}.Debug|Any CPU.Build.0 = Debug|Any CPU
		{589009E1-8064-43F3-95BD-6A9987AEB169}.Debug|x64.ActiveCfg = Debug|x64
		{589009E1-8064-43F3-95BD-6A9987AEB169}.Debug|x64.Build.0 = Debug|x64
		{589009E1-8064-43F3-95BD-6A9987AEB169}.Debug|x86.ActiveCfg = Debug|x86
		{589009E1-8064-43F3-95BD-6A9987AEB169}.Debug|x86.Build.0 = Debug|x86
		{589009E1-8064-43F3-95BD-6A9987AEB169}.Release|Any CPU.ActiveCfg = Release|Any CPU
		{589009E1-8064-43F3-95BD-6A9987AEB169}.Release|Any CPU.Build.0 = Release|Any CPU
		{589009E1-8064-43F3-95BD-6A9987AEB169}.Release|x64.ActiveCfg = Release|x64
		{589009E1-8064-43F3-95BD-6A9987AEB169}.Release|x64.Build.0 = Release|x64
		{589009E1-8064-43F3-95BD-6A9987AEB169}.Release|x86.ActiveCfg = Release|x86
		{589009E1-8064-43F3-95BD-6A9987AEB169}.Release|x86.Build.0 = Release|x86
	EndGlobalSection
EndGlobal
